
Microsoft Visual Studio Solution File, Format Version 12.00
# Visual Studio Version 16
VisualStudioVersion = 16.0.30804.86
MinimumVisualStudioVersion = 10.0.40219.1
Project("{FAE04EC0-301F-11D3-BF4B-00C04F79EFBC}") = "ProjetoIpsemg", "ProjetoIpsemg\ProjetoIpsemg.csproj", "{FE5D5183-012F-4443-B134-F801033A0386}"
EndProject
Project("{54435603-DBB4-11D2-8724-00A0C9A8B90C}") = "InstaladorGeradorDeSenha", "ProjetoIpsemg\Instalador\InstaladorGeradorDeSenha\InstaladorGeradorDeSenha.vdproj", "{239A9B40-362B-4E44-8A54-ECB0341883E8}"
EndProject
Global
	GlobalSection(SolutionConfigurationPlatforms) = preSolution
		Debug|Any CPU = Debug|Any CPU
		Release|Any CPU = Release|Any CPU
	EndGlobalSection
	GlobalSection(ProjectConfigurationPlatforms) = postSolution
		{FE5D5183-012F-4443-B134-F801033A0386}.Debug|Any CPU.ActiveCfg = Debug|Any CPU
		{FE5D5183-012F-4443-B134-F801033A0386}.Debug|Any CPU.Build.0 = Debug|Any CPU
		{FE5D5183-012F-4443-B134-F801033A0386}.Release|Any CPU.ActiveCfg = Release|Any CPU
		{FE5D5183-012F-4443-B134-F801033A0386}.Release|Any CPU.Build.0 = Release|Any CPU
		{239A9B40-362B-4E44-8A54-ECB0341883E8}.Debug|Any CPU.ActiveCfg = Debug
		{239A9B40-362B-4E44-8A54-ECB0341883E8}.Release|Any CPU.ActiveCfg = Release
	EndGlobalSection
	GlobalSection(SolutionProperties) = preSolution
		HideSolutionNode = FALSE
	EndGlobalSection
	GlobalSection(ExtensibilityGlobals) = postSolution
		SolutionGuid = {81E613CF-DE4E-4488-9CBA-9D36AD8BA596}
	EndGlobalSection
EndGlobal
